{
  "requires": true,
  "lockfileVersion": 1,
  "dependencies": {
    "@types/crossroads": {
      "version": "0.0.30",
      "resolved": "https://registry.npmjs.org/@types/crossroads/-/crossroads-0.0.30.tgz",
      "integrity": "sha512-1Ze8YTD5tFWeM5CtqAiJ348tDDYBOGDdLid4rnnTLYDU5sJgEjMknLx4g5yxWDHCr51nSl4Z9M/ZAEqTtyEMVA==",
      "requires": {
        "@types/signals": "*"
      }
    },
    "@types/hasher": {
      "version": "0.0.32",
      "resolved": "https://registry.npmjs.org/@types/hasher/-/hasher-0.0.32.tgz",
      "integrity": "sha512-FzOAypQs2/XGlc/iSQB5C8UCnDGftOi0K/i/fYmwZ6lzhsDPXOtibWEVTSuamUrqHONQyhPSMHfHoF1E6Sm5xQ==",
      "requires": {
        "@types/signals": "*"
      }
    },
    "@types/jquery": {
      "version": "3.5.5",
      "resolved": "https://registry.npmjs.org/@types/jquery/-/jquery-3.5.5.tgz",
      "integrity": "sha512-6RXU9Xzpc6vxNrS6FPPapN1SxSHgQ336WC6Jj/N8q30OiaBZ00l1GBgeP7usjVZPivSkGUfL1z/WW6TX989M+w==",
      "requires": {
        "@types/sizzle": "*"
      }
    },
    "@types/knockout": {
      "version": "3.4.69",
      "resolved": "https://registry.npmjs.org/@types/knockout/-/knockout-3.4.69.tgz",
      "integrity": "sha512-XoLJogerYjpY0Ddpd8qJpkrDvCuY7H0jRh1zi5UF3SZlfRHVMARdXqLq0Zx0wyy8qrYsgkiPLMj1K0/zvYPJ+g=="
    },
    "@types/linq": {
      "version": "2.2.33",
      "resolved": "https://registry.npmjs.org/@types/linq/-/linq-2.2.33.tgz",
      "integrity": "sha1-eelya4+wJGnlqJQcWKn7T5XcK4w=",
      "requires": {
        "linq": "*"
      }
    },
    "@types/signals": {
      "version": "1.0.1",
      "resolved": "https://registry.npmjs.org/@types/signals/-/signals-1.0.1.tgz",
      "integrity": "sha512-t6qsSE/nUiDN4MO5pZIR7XdhCNt0No0oJL1y1JSYovQL7+GvWzdBI0eD0ADZ2gW4Lg+CB4/d0j1nXe9lMpEHow=="
    },
    "@types/sizzle": {
      "version": "2.3.2",
      "resolved": "https://registry.npmjs.org/@types/sizzle/-/sizzle-2.3.2.tgz",
      "integrity": "sha512-7EJYyKTL7tFR8+gDbB6Wwz/arpGa0Mywk1TJbNzKzHtzbwVmY4HR9WqS5VV7dsBUKQmPNr192jHr/VpBluj/hg=="
    },
    "linq": {
      "version": "3.2.3",
      "resolved": "https://registry.npmjs.org/linq/-/linq-3.2.3.tgz",
      "integrity": "sha512-OI48ncDVi29Hc4g5+hPd58AkI8YtLUFkZWWvvyC+w1+j8PsDi28tLZnbv3+8PvxSiJUEQDihkQjrIrPkFzEFqQ=="
    }
  }
}
