
Microsoft Visual Studio Solution File, Format Version 12.00
# Visual Studio Version 16
VisualStudioVersion = 16.0.30914.41
MinimumVisualStudioVersion = 10.0.40219.1
Project("{9A19103F-16F7-4668-BE54-9A1E7A4F7556}") = "SimpleEventSourcing.UI.Console", "SimpleEventSourcing.UI.Console\SimpleEventSourcing.UI.Console.csproj", "{36FF0A4E-E0C7-48D4-84F0-D5275CC9A3BE}"
EndProject
Project("{9A19103F-16F7-4668-BE54-9A1E7A4F7556}") = "SimpleEventSourcing", "SimpleEventSourcing\SimpleEventSourcing.csproj", "{4D67344F-2BCF-40A9-81ED-027AC0810C6C}"
EndProject
Project("{9A19103F-16F7-4668-BE54-9A1E7A4F7556}") = "SimpleEventSourcing.Bus", "SimpleEventSourcing.Bus\SimpleEventSourcing.Bus.csproj", "{4593BC2E-9814-451B-B0B3-E09135761DC4}"
EndProject
Project("{9A19103F-16F7-4668-BE54-9A1E7A4F7556}") = "SimpleEventSourcing.SQLite", "SimpleEventSourcing.SQLite\SimpleEventSourcing.SQLite.csproj", "{9355CEEA-8A26-4D50-9F8C-CD97E99E3676}"
EndProject
Project("{9A19103F-16F7-4668-BE54-9A1E7A4F7556}") = "SimpleEventSourcing.Tests", "SimpleEventSourcing.Tests\SimpleEventSourcing.Tests.csproj", "{08C380EC-0768-440C-ACE6-80732A6C2907}"
EndProject
Project("{9A19103F-16F7-4668-BE54-9A1E7A4F7556}") = "SimpleEventSourcing.Newtonsoft", "SimpleEventSourcing.Newtonsoft\SimpleEventSourcing.Newtonsoft.csproj", "{939C5FA1-9446-4346-AF41-18DCAD8230E6}"
EndProject
Project("{9A19103F-16F7-4668-BE54-9A1E7A4F7556}") = "SimpleEventSourcing.SQLite.Tests", "SimpleEventSourcing.SQLite.Tests\SimpleEventSourcing.SQLite.Tests.csproj", "{B9F7E418-0219-4A25-AF86-50235BDE6ADD}"
EndProject
Project("{9A19103F-16F7-4668-BE54-9A1E7A4F7556}") = "SimpleEventSourcing.EntityFramework", "SimpleEventSourcing.EntityFramework\SimpleEventSourcing.EntityFramework.csproj", "{E79B45A8-0224-49E3-BBB6-E0B0BFC4136F}"
EndProject
Project("{9A19103F-16F7-4668-BE54-9A1E7A4F7556}") = "SimpleEventSourcing.EntityFramework.Tests", "SimpleEventSourcing.EntityFramework.Tests\SimpleEventSourcing.EntityFramework.Tests.csproj", "{E0475310-A4F5-46ED-B5B8-980A75B97DE2}"
EndProject
Project("{9A19103F-16F7-4668-BE54-9A1E7A4F7556}") = "SimpleEventSourcing.NHibernate", "SimpleEventSourcing.NHibernate\SimpleEventSourcing.NHibernate.csproj", "{AF841FFB-B0F5-41AE-8B5E-889EB7CB2824}"
EndProject
Project("{9A19103F-16F7-4668-BE54-9A1E7A4F7556}") = "SimpleEventSourcing.NHibernate.Tests", "SimpleEventSourcing.NHibernate.Tests\SimpleEventSourcing.NHibernate.Tests.csproj", "{6F20F4B6-F073-4406-B4FD-9D8ACDFF6B44}"
EndProject
Project("{2150E333-8FDC-42A3-9474-1A3956D46DE8}") = "Samples", "Samples", "{C7B155C1-6FF0-46C8-84E2-390CA0C5F7A4}"
EndProject
Project("{9A19103F-16F7-4668-BE54-9A1E7A4F7556}") = "Shop", "Samples\Shop\Shop\Shop.csproj", "{D7962030-E8BA-4260-8E3D-E3A8F65D36F4}"
EndProject
Project("{9A19103F-16F7-4668-BE54-9A1E7A4F7556}") = "Shop.UI.Web", "Samples\Shop\Shop.UI.Web\Shop.UI.Web.csproj", "{98AE5C7F-A8F0-4D40-ABD5-5BA3E83878DB}"
EndProject
Project("{2150E333-8FDC-42A3-9474-1A3956D46DE8}") = "Shop", "Shop", "{9100ACF7-2719-4848-81B7-AE10473C960A}"
EndProject
Project("{9A19103F-16F7-4668-BE54-9A1E7A4F7556}") = "SimpleEventSourcing.EntityFrameworkCore", "SimpleEventSourcing.EntityFrameworkCore\SimpleEventSourcing.EntityFrameworkCore.csproj", "{C0088948-895F-4DD9-8EA3-5B208371ADD1}"
EndProject
Project("{9A19103F-16F7-4668-BE54-9A1E7A4F7556}") = "SimpleEventSourcing.EntityFrameworkCore.Tests", "SimpleEventSourcing.EntityFrameworkCore.Tests\SimpleEventSourcing.EntityFrameworkCore.Tests.csproj", "{11A8D02D-FAB6-44A7-B559-2B4B87C4652A}"
EndProject
Project("{2150E333-8FDC-42A3-9474-1A3956D46DE8}") = "Solution Items", "Solution Items", "{63D822A0-C097-4BE4-869E-C6EAC8F5520F}"
	ProjectSection(SolutionItems) = preProject
		Directory.Build.props = Directory.Build.props
	EndProjectSection
EndProject
Project("{9A19103F-16F7-4668-BE54-9A1E7A4F7556}") = "SimpleEventSourcing.UI.ConsoleCore", "SimpleEventSourcing.UI.ConsoleCore\SimpleEventSourcing.UI.ConsoleCore.csproj", "{7C59778F-0D10-45BA-9787-9A97A9E4392E}"
EndProject
Project("{2150E333-8FDC-42A3-9474-1A3956D46DE8}") = "SQLite", "SQLite", "{44A1D32C-85F5-44C8-93FA-519483E92869}"
EndProject
Project("{2150E333-8FDC-42A3-9474-1A3956D46DE8}") = "EntityFramework", "EntityFramework", "{76D2DC93-DD81-4843-8051-577B20D2CD47}"
EndProject
Project("{2150E333-8FDC-42A3-9474-1A3956D46DE8}") = "EntityFrameworkCore", "EntityFrameworkCore", "{8E76C91A-DD0A-449E-95B9-182E61EAA415}"
EndProject
Project("{2150E333-8FDC-42A3-9474-1A3956D46DE8}") = "NHibernate", "NHibernate", "{60FE7B1C-A1D8-46EE-BF94-11351474A7C6}"
EndProject
Project("{2150E333-8FDC-42A3-9474-1A3956D46DE8}") = "Providers", "Providers", "{79E36A26-A598-4A84-981A-78CAC5FEB273}"
EndProject
Project("{2150E333-8FDC-42A3-9474-1A3956D46DE8}") = "Serialization", "Serialization", "{0496A98D-F65B-4357-B6DF-192DD4611AA1}"
EndProject
Global
	GlobalSection(SolutionConfigurationPlatforms) = preSolution
		Debug|Any CPU = Debug|Any CPU
		Debug|x64 = Debug|x64
		Debug|x86 = Debug|x86
		Release|Any CPU = Release|Any CPU
		Release|x64 = Release|x64
		Release|x86 = Release|x86
	EndGlobalSection
	GlobalSection(ProjectConfigurationPlatforms) = postSolution
		{36FF0A4E-E0C7-48D4-84F0-D5275CC9A3BE}.Debug|Any CPU.ActiveCfg = Debug|Any CPU
		{36FF0A4E-E0C7-48D4-84F0-D5275CC9A3BE}.Debug|Any CPU.Build.0 = Debug|Any CPU
		{36FF0A4E-E0C7-48D4-84F0-D5275CC9A3BE}.Debug|x64.ActiveCfg = Debug|Any CPU
		{36FF0A4E-E0C7-48D4-84F0-D5275CC9A3BE}.Debug|x64.Build.0 = Debug|Any CPU
		{36FF0A4E-E0C7-48D4-84F0-D5275CC9A3BE}.Debug|x86.ActiveCfg = Debug|Any CPU
		{36FF0A4E-E0C7-48D4-84F0-D5275CC9A3BE}.Debug|x86.Build.0 = Debug|Any CPU
		{36FF0A4E-E0C7-48D4-84F0-D5275CC9A3BE}.Release|Any CPU.ActiveCfg = Release|Any CPU
		{36FF0A4E-E0C7-48D4-84F0-D5275CC9A3BE}.Release|Any CPU.Build.0 = Release|Any CPU
		{36FF0A4E-E0C7-48D4-84F0-D5275CC9A3BE}.Release|x64.ActiveCfg = Release|Any CPU
		{36FF0A4E-E0C7-48D4-84F0-D5275CC9A3BE}.Release|x64.Build.0 = Release|Any CPU
		{36FF0A4E-E0C7-48D4-84F0-D5275CC9A3BE}.Release|x86.ActiveCfg = Release|Any CPU
		{36FF0A4E-E0C7-48D4-84F0-D5275CC9A3BE}.Release|x86.Build.0 = Release|Any CPU
		{4D67344F-2BCF-40A9-81ED-027AC0810C6C}.Debug|Any CPU.ActiveCfg = Debug|Any CPU
		{4D67344F-2BCF-40A9-81ED-027AC0810C6C}.Debug|Any CPU.Build.0 = Debug|Any CPU
		{4D67344F-2BCF-40A9-81ED-027AC0810C6C}.Debug|x64.ActiveCfg = Debug|Any CPU
		{4D67344F-2BCF-40A9-81ED-027AC0810C6C}.Debug|x64.Build.0 = Debug|Any CPU
		{4D67344F-2BCF-40A9-81ED-027AC0810C6C}.Debug|x86.ActiveCfg = Debug|Any CPU
		{4D67344F-2BCF-40A9-81ED-027AC0810C6C}.Debug|x86.Build.0 = Debug|Any CPU
		{4D67344F-2BCF-40A9-81ED-027AC0810C6C}.Release|Any CPU.ActiveCfg = Release|Any CPU
		{4D67344F-2BCF-40A9-81ED-027AC0810C6C}.Release|Any CPU.Build.0 = Release|Any CPU
		{4D67344F-2BCF-40A9-81ED-027AC0810C6C}.Release|x64.ActiveCfg = Release|Any CPU
		{4D67344F-2BCF-40A9-81ED-027AC0810C6C}.Release|x64.Build.0 = Release|Any CPU
		{4D67344F-2BCF-40A9-81ED-027AC0810C6C}.Release|x86.ActiveCfg = Release|Any CPU
		{4D67344F-2BCF-40A9-81ED-027AC0810C6C}.Release|x86.Build.0 = Release|Any CPU
		{4593BC2E-9814-451B-B0B3-E09135761DC4}.Debug|Any CPU.ActiveCfg = Debug|Any CPU
		{4593BC2E-9814-451B-B0B3-E09135761DC4}.Debug|Any CPU.Build.0 = Debug|Any CPU
		{4593BC2E-9814-451B-B0B3-E09135761DC4}.Debug|x64.ActiveCfg = Debug|Any CPU
		{4593BC2E-9814-451B-B0B3-E09135761DC4}.Debug|x64.Build.0 = Debug|Any CPU
		{4593BC2E-9814-451B-B0B3-E09135761DC4}.Debug|x86.ActiveCfg = Debug|Any CPU
		{4593BC2E-9814-451B-B0B3-E09135761DC4}.Debug|x86.Build.0 = Debug|Any CPU
		{4593BC2E-9814-451B-B0B3-E09135761DC4}.Release|Any CPU.ActiveCfg = Release|Any CPU
		{4593BC2E-9814-451B-B0B3-E09135761DC4}.Release|Any CPU.Build.0 = Release|Any CPU
		{4593BC2E-9814-451B-B0B3-E09135761DC4}.Release|x64.ActiveCfg = Release|Any CPU
		{4593BC2E-9814-451B-B0B3-E09135761DC4}.Release|x64.Build.0 = Release|Any CPU
		{4593BC2E-9814-451B-B0B3-E09135761DC4}.Release|x86.ActiveCfg = Release|Any CPU
		{4593BC2E-9814-451B-B0B3-E09135761DC4}.Release|x86.Build.0 = Release|Any CPU
		{9355CEEA-8A26-4D50-9F8C-CD97E99E3676}.Debug|Any CPU.ActiveCfg = Debug|Any CPU
		{9355CEEA-8A26-4D50-9F8C-CD97E99E3676}.Debug|Any CPU.Build.0 = Debug|Any CPU
		{9355CEEA-8A26-4D50-9F8C-CD97E99E3676}.Debug|x64.ActiveCfg = Debug|Any CPU
		{9355CEEA-8A26-4D50-9F8C-CD97E99E3676}.Debug|x64.Build.0 = Debug|Any CPU
		{9355CEEA-8A26-4D50-9F8C-CD97E99E3676}.Debug|x86.ActiveCfg = Debug|Any CPU
		{9355CEEA-8A26-4D50-9F8C-CD97E99E3676}.Debug|x86.Build.0 = Debug|Any CPU
		{9355CEEA-8A26-4D50-9F8C-CD97E99E3676}.Release|Any CPU.ActiveCfg = Release|Any CPU
		{9355CEEA-8A26-4D50-9F8C-CD97E99E3676}.Release|Any CPU.Build.0 = Release|Any CPU
		{9355CEEA-8A26-4D50-9F8C-CD97E99E3676}.Release|x64.ActiveCfg = Release|Any CPU
		{9355CEEA-8A26-4D50-9F8C-CD97E99E3676}.Release|x64.Build.0 = Release|Any CPU
		{9355CEEA-8A26-4D50-9F8C-CD97E99E3676}.Release|x86.ActiveCfg = Release|Any CPU
		{9355CEEA-8A26-4D50-9F8C-CD97E99E3676}.Release|x86.Build.0 = Release|Any CPU
		{08C380EC-0768-440C-ACE6-80732A6C2907}.Debug|Any CPU.ActiveCfg = Debug|Any CPU
		{08C380EC-0768-440C-ACE6-80732A6C2907}.Debug|Any CPU.Build.0 = Debug|Any CPU
		{08C380EC-0768-440C-ACE6-80732A6C2907}.Debug|x64.ActiveCfg = Debug|Any CPU
		{08C380EC-0768-440C-ACE6-80732A6C2907}.Debug|x64.Build.0 = Debug|Any CPU
		{08C380EC-0768-440C-ACE6-80732A6C2907}.Debug|x86.ActiveCfg = Debug|Any CPU
		{08C380EC-0768-440C-ACE6-80732A6C2907}.Debug|x86.Build.0 = Debug|Any CPU
		{08C380EC-0768-440C-ACE6-80732A6C2907}.Release|Any CPU.ActiveCfg = Release|Any CPU
		{08C380EC-0768-440C-ACE6-80732A6C2907}.Release|x64.ActiveCfg = Release|Any CPU
		{08C380EC-0768-440C-ACE6-80732A6C2907}.Release|x64.Build.0 = Release|Any CPU
		{08C380EC-0768-440C-ACE6-80732A6C2907}.Release|x86.ActiveCfg = Release|Any CPU
		{08C380EC-0768-440C-ACE6-80732A6C2907}.Release|x86.Build.0 = Release|Any CPU
		{939C5FA1-9446-4346-AF41-18DCAD8230E6}.Debug|Any CPU.ActiveCfg = Debug|Any CPU
		{939C5FA1-9446-4346-AF41-18DCAD8230E6}.Debug|Any CPU.Build.0 = Debug|Any CPU
		{939C5FA1-9446-4346-AF41-18DCAD8230E6}.Debug|x64.ActiveCfg = Debug|Any CPU
		{939C5FA1-9446-4346-AF41-18DCAD8230E6}.Debug|x64.Build.0 = Debug|Any CPU
		{939C5FA1-9446-4346-AF41-18DCAD8230E6}.Debug|x86.ActiveCfg = Debug|Any CPU
		{939C5FA1-9446-4346-AF41-18DCAD8230E6}.Debug|x86.Build.0 = Debug|Any CPU
		{939C5FA1-9446-4346-AF41-18DCAD8230E6}.Release|Any CPU.ActiveCfg = Release|Any CPU
		{939C5FA1-9446-4346-AF41-18DCAD8230E6}.Release|Any CPU.Build.0 = Release|Any CPU
		{939C5FA1-9446-4346-AF41-18DCAD8230E6}.Release|x64.ActiveCfg = Release|Any CPU
		{939C5FA1-9446-4346-AF41-18DCAD8230E6}.Release|x64.Build.0 = Release|Any CPU
		{939C5FA1-9446-4346-AF41-18DCAD8230E6}.Release|x86.ActiveCfg = Release|Any CPU
		{939C5FA1-9446-4346-AF41-18DCAD8230E6}.Release|x86.Build.0 = Release|Any CPU
		{B9F7E418-0219-4A25-AF86-50235BDE6ADD}.Debug|Any CPU.ActiveCfg = Debug|Any CPU
		{B9F7E418-0219-4A25-AF86-50235BDE6ADD}.Debug|Any CPU.Build.0 = Debug|Any CPU
		{B9F7E418-0219-4A25-AF86-50235BDE6ADD}.Debug|x64.ActiveCfg = Debug|Any CPU
		{B9F7E418-0219-4A25-AF86-50235BDE6ADD}.Debug|x64.Build.0 = Debug|Any CPU
		{B9F7E418-0219-4A25-AF86-50235BDE6ADD}.Debug|x86.ActiveCfg = Debug|Any CPU
		{B9F7E418-0219-4A25-AF86-50235BDE6ADD}.Debug|x86.Build.0 = Debug|Any CPU
		{B9F7E418-0219-4A25-AF86-50235BDE6ADD}.Release|Any CPU.ActiveCfg = Release|Any CPU
		{B9F7E418-0219-4A25-AF86-50235BDE6ADD}.Release|x64.ActiveCfg = Release|Any CPU
		{B9F7E418-0219-4A25-AF86-50235BDE6ADD}.Release|x64.Build.0 = Release|Any CPU
		{B9F7E418-0219-4A25-AF86-50235BDE6ADD}.Release|x86.ActiveCfg = Release|Any CPU
		{B9F7E418-0219-4A25-AF86-50235BDE6ADD}.Release|x86.Build.0 = Release|Any CPU
		{E79B45A8-0224-49E3-BBB6-E0B0BFC4136F}.Debug|Any CPU.ActiveCfg = Debug|Any CPU
		{E79B45A8-0224-49E3-BBB6-E0B0BFC4136F}.Debug|Any CPU.Build.0 = Debug|Any CPU
		{E79B45A8-0224-49E3-BBB6-E0B0BFC4136F}.Debug|x64.ActiveCfg = Debug|Any CPU
		{E79B45A8-0224-49E3-BBB6-E0B0BFC4136F}.Debug|x64.Build.0 = Debug|Any CPU
		{E79B45A8-0224-49E3-BBB6-E0B0BFC4136F}.Debug|x86.ActiveCfg = Debug|Any CPU
		{E79B45A8-0224-49E3-BBB6-E0B0BFC4136F}.Debug|x86.Build.0 = Debug|Any CPU
		{E79B45A8-0224-49E3-BBB6-E0B0BFC4136F}.Release|Any CPU.ActiveCfg = Release|Any CPU
		{E79B45A8-0224-49E3-BBB6-E0B0BFC4136F}.Release|Any CPU.Build.0 = Release|Any CPU
		{E79B45A8-0224-49E3-BBB6-E0B0BFC4136F}.Release|x64.ActiveCfg = Release|Any CPU
		{E79B45A8-0224-49E3-BBB6-E0B0BFC4136F}.Release|x64.Build.0 = Release|Any CPU
		{E79B45A8-0224-49E3-BBB6-E0B0BFC4136F}.Release|x86.ActiveCfg = Release|Any CPU
		{E79B45A8-0224-49E3-BBB6-E0B0BFC4136F}.Release|x86.Build.0 = Release|Any CPU
		{E0475310-A4F5-46ED-B5B8-980A75B97DE2}.Debug|Any CPU.ActiveCfg = Debug|Any CPU
		{E0475310-A4F5-46ED-B5B8-980A75B97DE2}.Debug|Any CPU.Build.0 = Debug|Any CPU
		{E0475310-A4F5-46ED-B5B8-980A75B97DE2}.Debug|x64.ActiveCfg = Debug|Any CPU
		{E0475310-A4F5-46ED-B5B8-980A75B97DE2}.Debug|x64.Build.0 = Debug|Any CPU
		{E0475310-A4F5-46ED-B5B8-980A75B97DE2}.Debug|x86.ActiveCfg = Debug|Any CPU
		{E0475310-A4F5-46ED-B5B8-980A75B97DE2}.Debug|x86.Build.0 = Debug|Any CPU
		{E0475310-A4F5-46ED-B5B8-980A75B97DE2}.Release|Any CPU.ActiveCfg = Release|Any CPU
		{E0475310-A4F5-46ED-B5B8-980A75B97DE2}.Release|x64.ActiveCfg = Release|Any CPU
		{E0475310-A4F5-46ED-B5B8-980A75B97DE2}.Release|x64.Build.0 = Release|Any CPU
		{E0475310-A4F5-46ED-B5B8-980A75B97DE2}.Release|x86.ActiveCfg = Release|Any CPU
		{E0475310-A4F5-46ED-B5B8-980A75B97DE2}.Release|x86.Build.0 = Release|Any CPU
		{AF841FFB-B0F5-41AE-8B5E-889EB7CB2824}.Debug|Any CPU.ActiveCfg = Debug|Any CPU
		{AF841FFB-B0F5-41AE-8B5E-889EB7CB2824}.Debug|Any CPU.Build.0 = Debug|Any CPU
		{AF841FFB-B0F5-41AE-8B5E-889EB7CB2824}.Debug|x64.ActiveCfg = Debug|Any CPU
		{AF841FFB-B0F5-41AE-8B5E-889EB7CB2824}.Debug|x64.Build.0 = Debug|Any CPU
		{AF841FFB-B0F5-41AE-8B5E-889EB7CB2824}.Debug|x86.ActiveCfg = Debug|Any CPU
		{AF841FFB-B0F5-41AE-8B5E-889EB7CB2824}.Debug|x86.Build.0 = Debug|Any CPU
		{AF841FFB-B0F5-41AE-8B5E-889EB7CB2824}.Release|Any CPU.ActiveCfg = Release|Any CPU
		{AF841FFB-B0F5-41AE-8B5E-889EB7CB2824}.Release|Any CPU.Build.0 = Release|Any CPU
		{AF841FFB-B0F5-41AE-8B5E-889EB7CB2824}.Release|x64.ActiveCfg = Release|Any CPU
		{AF841FFB-B0F5-41AE-8B5E-889EB7CB2824}.Release|x64.Build.0 = Release|Any CPU
		{AF841FFB-B0F5-41AE-8B5E-889EB7CB2824}.Release|x86.ActiveCfg = Release|Any CPU
		{AF841FFB-B0F5-41AE-8B5E-889EB7CB2824}.Release|x86.Build.0 = Release|Any CPU
		{6F20F4B6-F073-4406-B4FD-9D8ACDFF6B44}.Debug|Any CPU.ActiveCfg = Debug|Any CPU
		{6F20F4B6-F073-4406-B4FD-9D8ACDFF6B44}.Debug|Any CPU.Build.0 = Debug|Any CPU
		{6F20F4B6-F073-4406-B4FD-9D8ACDFF6B44}.Debug|x64.ActiveCfg = Debug|Any CPU
		{6F20F4B6-F073-4406-B4FD-9D8ACDFF6B44}.Debug|x64.Build.0 = Debug|Any CPU
		{6F20F4B6-F073-4406-B4FD-9D8ACDFF6B44}.Debug|x86.ActiveCfg = Debug|Any CPU
		{6F20F4B6-F073-4406-B4FD-9D8ACDFF6B44}.Debug|x86.Build.0 = Debug|Any CPU
		{6F20F4B6-F073-4406-B4FD-9D8ACDFF6B44}.Release|Any CPU.ActiveCfg = Release|Any CPU
		{6F20F4B6-F073-4406-B4FD-9D8ACDFF6B44}.Release|x64.ActiveCfg = Release|Any CPU
		{6F20F4B6-F073-4406-B4FD-9D8ACDFF6B44}.Release|x64.Build.0 = Release|Any CPU
		{6F20F4B6-F073-4406-B4FD-9D8ACDFF6B44}.Release|x86.ActiveCfg = Release|Any CPU
		{6F20F4B6-F073-4406-B4FD-9D8ACDFF6B44}.Release|x86.Build.0 = Release|Any CPU
		{D7962030-E8BA-4260-8E3D-E3A8F65D36F4}.Debug|Any CPU.ActiveCfg = Debug|Any CPU
		{D7962030-E8BA-4260-8E3D-E3A8F65D36F4}.Debug|Any CPU.Build.0 = Debug|Any CPU
		{D7962030-E8BA-4260-8E3D-E3A8F65D36F4}.Debug|x64.ActiveCfg = Debug|Any CPU
		{D7962030-E8BA-4260-8E3D-E3A8F65D36F4}.Debug|x64.Build.0 = Debug|Any CPU
		{D7962030-E8BA-4260-8E3D-E3A8F65D36F4}.Debug|x86.ActiveCfg = Debug|Any CPU
		{D7962030-E8BA-4260-8E3D-E3A8F65D36F4}.Debug|x86.Build.0 = Debug|Any CPU
		{D7962030-E8BA-4260-8E3D-E3A8F65D36F4}.Release|Any CPU.ActiveCfg = Release|Any CPU
		{D7962030-E8BA-4260-8E3D-E3A8F65D36F4}.Release|Any CPU.Build.0 = Release|Any CPU
		{D7962030-E8BA-4260-8E3D-E3A8F65D36F4}.Release|x64.ActiveCfg = Release|x64
		{D7962030-E8BA-4260-8E3D-E3A8F65D36F4}.Release|x64.Build.0 = Release|x64
		{D7962030-E8BA-4260-8E3D-E3A8F65D36F4}.Release|x86.ActiveCfg = Release|x86
		{D7962030-E8BA-4260-8E3D-E3A8F65D36F4}.Release|x86.Build.0 = Release|x86
		{98AE5C7F-A8F0-4D40-ABD5-5BA3E83878DB}.Debug|Any CPU.ActiveCfg = Debug|Any CPU
		{98AE5C7F-A8F0-4D40-ABD5-5BA3E83878DB}.Debug|Any CPU.Build.0 = Debug|Any CPU
		{98AE5C7F-A8F0-4D40-ABD5-5BA3E83878DB}.Debug|x64.ActiveCfg = Debug|Any CPU
		{98AE5C7F-A8F0-4D40-ABD5-5BA3E83878DB}.Debug|x64.Build.0 = Debug|Any CPU
		{98AE5C7F-A8F0-4D40-ABD5-5BA3E83878DB}.Debug|x86.ActiveCfg = Debug|Any CPU
		{98AE5C7F-A8F0-4D40-ABD5-5BA3E83878DB}.Debug|x86.Build.0 = Debug|Any CPU
		{98AE5C7F-A8F0-4D40-ABD5-5BA3E83878DB}.Release|Any CPU.ActiveCfg = Release|Any CPU
		{98AE5C7F-A8F0-4D40-ABD5-5BA3E83878DB}.Release|Any CPU.Build.0 = Release|Any CPU
		{98AE5C7F-A8F0-4D40-ABD5-5BA3E83878DB}.Release|x64.ActiveCfg = Release|x64
		{98AE5C7F-A8F0-4D40-ABD5-5BA3E83878DB}.Release|x64.Build.0 = Release|x64
		{98AE5C7F-A8F0-4D40-ABD5-5BA3E83878DB}.Release|x86.ActiveCfg = Release|x86
		{98AE5C7F-A8F0-4D40-ABD5-5BA3E83878DB}.Release|x86.Build.0 = Release|x86
		{C0088948-895F-4DD9-8EA3-5B208371ADD1}.Debug|Any CPU.ActiveCfg = Debug|Any CPU
		{C0088948-895F-4DD9-8EA3-5B208371ADD1}.Debug|Any CPU.Build.0 = Debug|Any CPU
		{C0088948-895F-4DD9-8EA3-5B208371ADD1}.Debug|x64.ActiveCfg = Debug|Any CPU
		{C0088948-895F-4DD9-8EA3-5B208371ADD1}.Debug|x64.Build.0 = Debug|Any CPU
		{C0088948-895F-4DD9-8EA3-5B208371ADD1}.Debug|x86.ActiveCfg = Debug|Any CPU
		{C0088948-895F-4DD9-8EA3-5B208371ADD1}.Debug|x86.Build.0 = Debug|Any CPU
		{C0088948-895F-4DD9-8EA3-5B208371ADD1}.Release|Any CPU.ActiveCfg = Release|Any CPU
		{C0088948-895F-4DD9-8EA3-5B208371ADD1}.Release|Any CPU.Build.0 = Release|Any CPU
		{C0088948-895F-4DD9-8EA3-5B208371ADD1}.Release|x64.ActiveCfg = Release|Any CPU
		{C0088948-895F-4DD9-8EA3-5B208371ADD1}.Release|x64.Build.0 = Release|Any CPU
		{C0088948-895F-4DD9-8EA3-5B208371ADD1}.Release|x86.ActiveCfg = Release|Any CPU
		{C0088948-895F-4DD9-8EA3-5B208371ADD1}.Release|x86.Build.0 = Release|Any CPU
		{11A8D02D-FAB6-44A7-B559-2B4B87C4652A}.Debug|Any CPU.ActiveCfg = Debug|Any CPU
		{11A8D02D-FAB6-44A7-B559-2B4B87C4652A}.Debug|Any CPU.Build.0 = Debug|Any CPU
		{11A8D02D-FAB6-44A7-B559-2B4B87C4652A}.Debug|x64.ActiveCfg = Debug|Any CPU
		{11A8D02D-FAB6-44A7-B559-2B4B87C4652A}.Debug|x64.Build.0 = Debug|Any CPU
		{11A8D02D-FAB6-44A7-B559-2B4B87C4652A}.Debug|x86.ActiveCfg = Debug|Any CPU
		{11A8D02D-FAB6-44A7-B559-2B4B87C4652A}.Debug|x86.Build.0 = Debug|Any CPU
		{11A8D02D-FAB6-44A7-B559-2B4B87C4652A}.Release|Any CPU.ActiveCfg = Release|Any CPU
		{11A8D02D-FAB6-44A7-B559-2B4B87C4652A}.Release|Any CPU.Build.0 = Release|Any CPU
		{11A8D02D-FAB6-44A7-B559-2B4B87C4652A}.Release|x64.ActiveCfg = Release|Any CPU
		{11A8D02D-FAB6-44A7-B559-2B4B87C4652A}.Release|x64.Build.0 = Release|Any CPU
		{11A8D02D-FAB6-44A7-B559-2B4B87C4652A}.Release|x86.ActiveCfg = Release|Any CPU
		{11A8D02D-FAB6-44A7-B559-2B4B87C4652A}.Release|x86.Build.0 = Release|Any CPU
		{7C59778F-0D10-45BA-9787-9A97A9E4392E}.Debug|Any CPU.ActiveCfg = Debug|Any CPU
		{7C59778F-0D10-45BA-9787-9A97A9E4392E}.Debug|Any CPU.Build.0 = Debug|Any CPU
		{7C59778F-0D10-45BA-9787-9A97A9E4392E}.Debug|x64.ActiveCfg = Debug|Any CPU
		{7C59778F-0D10-45BA-9787-9A97A9E4392E}.Debug|x64.Build.0 = Debug|Any CPU
		{7C59778F-0D10-45BA-9787-9A97A9E4392E}.Debug|x86.ActiveCfg = Debug|Any CPU
		{7C59778F-0D10-45BA-9787-9A97A9E4392E}.Debug|x86.Build.0 = Debug|Any CPU
		{7C59778F-0D10-45BA-9787-9A97A9E4392E}.Release|Any CPU.ActiveCfg = Release|Any CPU
		{7C59778F-0D10-45BA-9787-9A97A9E4392E}.Release|Any CPU.Build.0 = Release|Any CPU
		{7C59778F-0D10-45BA-9787-9A97A9E4392E}.Release|x64.ActiveCfg = Release|Any CPU
		{7C59778F-0D10-45BA-9787-9A97A9E4392E}.Release|x64.Build.0 = Release|Any CPU
		{7C59778F-0D10-45BA-9787-9A97A9E4392E}.Release|x86.ActiveCfg = Release|Any CPU
		{7C59778F-0D10-45BA-9787-9A97A9E4392E}.Release|x86.Build.0 = Release|Any CPU
	EndGlobalSection
	GlobalSection(SolutionProperties) = preSolution
		HideSolutionNode = FALSE
	EndGlobalSection
	GlobalSection(NestedProjects) = preSolution
		{36FF0A4E-E0C7-48D4-84F0-D5275CC9A3BE} = {C7B155C1-6FF0-46C8-84E2-390CA0C5F7A4}
		{9355CEEA-8A26-4D50-9F8C-CD97E99E3676} = {44A1D32C-85F5-44C8-93FA-519483E92869}
		{939C5FA1-9446-4346-AF41-18DCAD8230E6} = {0496A98D-F65B-4357-B6DF-192DD4611AA1}
		{B9F7E418-0219-4A25-AF86-50235BDE6ADD} = {44A1D32C-85F5-44C8-93FA-519483E92869}
		{E79B45A8-0224-49E3-BBB6-E0B0BFC4136F} = {76D2DC93-DD81-4843-8051-577B20D2CD47}
		{E0475310-A4F5-46ED-B5B8-980A75B97DE2} = {76D2DC93-DD81-4843-8051-577B20D2CD47}
		{AF841FFB-B0F5-41AE-8B5E-889EB7CB2824} = {60FE7B1C-A1D8-46EE-BF94-11351474A7C6}
		{6F20F4B6-F073-4406-B4FD-9D8ACDFF6B44} = {60FE7B1C-A1D8-46EE-BF94-11351474A7C6}
		{D7962030-E8BA-4260-8E3D-E3A8F65D36F4} = {9100ACF7-2719-4848-81B7-AE10473C960A}
		{98AE5C7F-A8F0-4D40-ABD5-5BA3E83878DB} = {9100ACF7-2719-4848-81B7-AE10473C960A}
		{9100ACF7-2719-4848-81B7-AE10473C960A} = {C7B155C1-6FF0-46C8-84E2-390CA0C5F7A4}
		{C0088948-895F-4DD9-8EA3-5B208371ADD1} = {8E76C91A-DD0A-449E-95B9-182E61EAA415}
		{11A8D02D-FAB6-44A7-B559-2B4B87C4652A} = {8E76C91A-DD0A-449E-95B9-182E61EAA415}
		{7C59778F-0D10-45BA-9787-9A97A9E4392E} = {C7B155C1-6FF0-46C8-84E2-390CA0C5F7A4}
		{44A1D32C-85F5-44C8-93FA-519483E92869} = {79E36A26-A598-4A84-981A-78CAC5FEB273}
		{76D2DC93-DD81-4843-8051-577B20D2CD47} = {79E36A26-A598-4A84-981A-78CAC5FEB273}
		{8E76C91A-DD0A-449E-95B9-182E61EAA415} = {79E36A26-A598-4A84-981A-78CAC5FEB273}
		{60FE7B1C-A1D8-46EE-BF94-11351474A7C6} = {79E36A26-A598-4A84-981A-78CAC5FEB273}
	EndGlobalSection
	GlobalSection(ExtensibilityGlobals) = postSolution
		SolutionGuid = {93820F8B-CDFF-4364-8208-28D9ED132F6A}
	EndGlobalSection
EndGlobal
